
Microsoft Visual Studio Solution File, Format Version 12.00
# Visual Studio Version 16
VisualStudioVersion = 16.0.30907.101
MinimumVisualStudioVersion = 10.0.40219.1
Project("{FAE04EC0-301F-11D3-BF4B-00C04F79EFBC}") = "LoginService", "LoginService\LoginService.csproj", "{3950B733-6838-4D71-AA5C-EE061AAEBAE7}"
EndProject
Project("{FAE04EC0-301F-11D3-BF4B-00C04F79EFBC}") = "GatewayService", "GatewayService\GatewayService.csproj", "{55C41CD6-005C-4386-BA66-D1A280FECFAE}"
EndProject
Project("{2150E333-8FDC-42A3-9474-1A3956D46DE8}") = "Database", "Database", "{2B8C33E3-1CE5-4D58-A977-865ABB24FF85}"
	ProjectSection(SolutionItems) = preProject
		..\..\..\Downloads\Microservices-master\microservicespro.sql = ..\..\..\Downloads\Microservices-master\microservicespro.sql
	EndProjectSection
EndProject
Project("{FAE04EC0-301F-11D3-BF4B-00C04F79EFBC}") = "TurnierverwaltungService", "TurnierverwaltungService\TurnierverwaltungService.csproj", "{58553734-B941-425B-A657-2A9E416A8718}"
EndProject
Project("{FAE04EC0-301F-11D3-BF4B-00C04F79EFBC}") = "Mannschaftsverwaltung", "Mannschaftsverwaltung\Mannschaftsverwaltung.csproj", "{4BFFAAE7-B824-4793-A14B-23167558911D}"
EndProject
Project("{FAE04EC0-301F-11D3-BF4B-00C04F79EFBC}") = "Personenverwaltung", "Personenverwaltung\Personenverwaltung.csproj", "{A32E0DA3-8D3E-4A98-8807-5BFB6FCE1CC0}"
EndProject
Global
	GlobalSection(SolutionConfigurationPlatforms) = preSolution
		Debug|Any CPU = Debug|Any CPU
		Release|Any CPU = Release|Any CPU
	EndGlobalSection
	GlobalSection(ProjectConfigurationPlatforms) = postSolution
		{3950B733-6838-4D71-AA5C-EE061AAEBAE7}.Debug|Any CPU.ActiveCfg = Debug|Any CPU
		{3950B733-6838-4D71-AA5C-EE061AAEBAE7}.Debug|Any CPU.Build.0 = Debug|Any CPU
		{3950B733-6838-4D71-AA5C-EE061AAEBAE7}.Release|Any CPU.ActiveCfg = Release|Any CPU
		{3950B733-6838-4D71-AA5C-EE061AAEBAE7}.Release|Any CPU.Build.0 = Release|Any CPU
		{55C41CD6-005C-4386-BA66-D1A280FECFAE}.Debug|Any CPU.ActiveCfg = Debug|Any CPU
		{55C41CD6-005C-4386-BA66-D1A280FECFAE}.Debug|Any CPU.Build.0 = Debug|Any CPU
		{55C41CD6-005C-4386-BA66-D1A280FECFAE}.Release|Any CPU.ActiveCfg = Release|Any CPU
		{55C41CD6-005C-4386-BA66-D1A280FECFAE}.Release|Any CPU.Build.0 = Release|Any CPU
		{58553734-B941-425B-A657-2A9E416A8718}.Debug|Any CPU.ActiveCfg = Debug|Any CPU
		{58553734-B941-425B-A657-2A9E416A8718}.Debug|Any CPU.Build.0 = Debug|Any CPU
		{58553734-B941-425B-A657-2A9E416A8718}.Release|Any CPU.ActiveCfg = Release|Any CPU
		{58553734-B941-425B-A657-2A9E416A8718}.Release|Any CPU.Build.0 = Release|Any CPU
		{4BFFAAE7-B824-4793-A14B-23167558911D}.Debug|Any CPU.ActiveCfg = Debug|Any CPU
		{4BFFAAE7-B824-4793-A14B-23167558911D}.Debug|Any CPU.Build.0 = Debug|Any CPU
		{4BFFAAE7-B824-4793-A14B-23167558911D}.Release|Any CPU.ActiveCfg = Release|Any CPU
		{4BFFAAE7-B824-4793-A14B-23167558911D}.Release|Any CPU.Build.0 = Release|Any CPU
		{A32E0DA3-8D3E-4A98-8807-5BFB6FCE1CC0}.Debug|Any CPU.ActiveCfg = Debug|Any CPU
		{A32E0DA3-8D3E-4A98-8807-5BFB6FCE1CC0}.Debug|Any CPU.Build.0 = Debug|Any CPU
		{A32E0DA3-8D3E-4A98-8807-5BFB6FCE1CC0}.Release|Any CPU.ActiveCfg = Release|Any CPU
		{A32E0DA3-8D3E-4A98-8807-5BFB6FCE1CC0}.Release|Any CPU.Build.0 = Release|Any CPU
	EndGlobalSection
	GlobalSection(SolutionProperties) = preSolution
		HideSolutionNode = FALSE
	EndGlobalSection
	GlobalSection(ExtensibilityGlobals) = postSolution
		SolutionGuid = {53AA3AFE-A1E6-429A-9322-4C6B695E3952}
	EndGlobalSection
EndGlobal
